
Microsoft Visual Studio Solution File, Format Version 12.00
# Visual Studio Version 17
VisualStudioVersion = 17.10.35013.160
MinimumVisualStudioVersion = 10.0.40219.1
Project("{FAE04EC0-301F-11D3-BF4B-00C04F79EFBC}") = "VerrakiBank", "VerrakiBank.csproj", "{B87D2896-F07C-44C0-A0E8-CC95F3556819}"
EndProject
Global
	GlobalSection(SolutionConfigurationPlatforms) = preSolution
		Debug|Any CPU = Debug|Any CPU
		Release|Any CPU = Release|Any CPU
	EndGlobalSection
	GlobalSection(ProjectConfigurationPlatforms) = postSolution
		{B87D2896-F07C-44C0-A0E8-CC95F3556819}.Debug|Any CPU.ActiveCfg = Debug|Any CPU
		{B87D2896-F07C-44C0-A0E8-CC95F3556819}.Debug|Any CPU.Build.0 = Debug|Any CPU
		{B87D2896-F07C-44C0-A0E8-CC95F3556819}.Release|Any CPU.ActiveCfg = Release|Any CPU
		{B87D2896-F07C-44C0-A0E8-CC95F3556819}.Release|Any CPU.Build.0 = Release|Any CPU
	EndGlobalSection
	GlobalSection(SolutionProperties) = preSolution
		HideSolutionNode = FALSE
	EndGlobalSection
	GlobalSection(ExtensibilityGlobals) = postSolution
		SolutionGuid = {5BB5B407-FD01-456F-8292-061D3D077019}
	EndGlobalSection
EndGlobal
